
Microsoft Visual Studio Solution File, Format Version 12.00
# Visual Studio Version 17
VisualStudioVersion = 17.7.34202.233
MinimumVisualStudioVersion = 10.0.40219.1
Project("{FAE04EC0-301F-11D3-BF4B-00C04F79EFBC}") = "BiologicalWarfare", "BiologicalWarfare.csproj", "{3BE0BE63-5EB2-41B5-ABD0-953DFF717352}"
EndProject
Global
	GlobalSection(SolutionConfigurationPlatforms) = preSolution
		Debug|Any CPU = Debug|Any CPU
		Release|Any CPU = Release|Any CPU
	EndGlobalSection
	GlobalSection(ProjectConfigurationPlatforms) = postSolution
		{3BE0BE63-5EB2-41B5-ABD0-953DFF717352}.Debug|Any CPU.ActiveCfg = Debug|Any CPU
		{3BE0BE63-5EB2-41B5-ABD0-953DFF717352}.Debug|Any CPU.Build.0 = Debug|Any CPU
		{3BE0BE63-5EB2-41B5-ABD0-953DFF717352}.Release|Any CPU.ActiveCfg = Release|Any CPU
		{3BE0BE63-5EB2-41B5-ABD0-953DFF717352}.Release|Any CPU.Build.0 = Release|Any CPU
	EndGlobalSection
	GlobalSection(SolutionProperties) = preSolution
		HideSolutionNode = FALSE
	EndGlobalSection
	GlobalSection(ExtensibilityGlobals) = postSolution
		SolutionGuid = {8CEDC7A3-A6B8-4C83-BB39-4AFEE358D482}
	EndGlobalSection
EndGlobal
